
Microsoft Visual Studio Solution File, Format Version 12.00
# Visual Studio Version 17
VisualStudioVersion = 17.0.32014.148
MinimumVisualStudioVersion = 10.0.40219.1
Project("{8BC9CEB8-8B4A-11D0-8D11-00A0C91BC942}") = "CppEmbedPythonDemo", "CppEmbedPythonDemo\CppEmbedPythonDemo.vcxproj", "{2AC86EEB-991F-4362-B5D4-0D9733505CF1}"
EndProject
Project("{8BC9CEB8-8B4A-11D0-8D11-00A0C91BC942}") = "ConsolePythonDemo", "ConsolePythonDemo\ConsolePythonDemo.vcxproj", "{50D9F930-5A82-498B-A055-7E73F14ACC5A}"
EndProject
Global
	GlobalSection(SolutionConfigurationPlatforms) = preSolution
		Debug|x64 = Debug|x64
		Debug|x86 = Debug|x86
		Release|x64 = Release|x64
		Release|x86 = Release|x86
	EndGlobalSection
	GlobalSection(ProjectConfigurationPlatforms) = postSolution
		{2AC86EEB-991F-4362-B5D4-0D9733505CF1}.Debug|x64.ActiveCfg = Debug|x64
		{2AC86EEB-991F-4362-B5D4-0D9733505CF1}.Debug|x64.Build.0 = Debug|x64
		{2AC86EEB-991F-4362-B5D4-0D9733505CF1}.Debug|x86.ActiveCfg = Debug|Win32
		{2AC86EEB-991F-4362-B5D4-0D9733505CF1}.Debug|x86.Build.0 = Debug|Win32
		{2AC86EEB-991F-4362-B5D4-0D9733505CF1}.Release|x64.ActiveCfg = Release|x64
		{2AC86EEB-991F-4362-B5D4-0D9733505CF1}.Release|x64.Build.0 = Release|x64
		{2AC86EEB-991F-4362-B5D4-0D9733505CF1}.Release|x86.ActiveCfg = Release|Win32
		{2AC86EEB-991F-4362-B5D4-0D9733505CF1}.Release|x86.Build.0 = Release|Win32
		{50D9F930-5A82-498B-A055-7E73F14ACC5A}.Debug|x64.ActiveCfg = Debug|x64
		{50D9F930-5A82-498B-A055-7E73F14ACC5A}.Debug|x64.Build.0 = Debug|x64
		{50D9F930-5A82-498B-A055-7E73F14ACC5A}.Debug|x86.ActiveCfg = Debug|Win32
		{50D9F930-5A82-498B-A055-7E73F14ACC5A}.Debug|x86.Build.0 = Debug|Win32
		{50D9F930-5A82-498B-A055-7E73F14ACC5A}.Release|x64.ActiveCfg = Release|x64
		{50D9F930-5A82-498B-A055-7E73F14ACC5A}.Release|x64.Build.0 = Release|x64
		{50D9F930-5A82-498B-A055-7E73F14ACC5A}.Release|x86.ActiveCfg = Release|Win32
		{50D9F930-5A82-498B-A055-7E73F14ACC5A}.Release|x86.Build.0 = Release|Win32
	EndGlobalSection
	GlobalSection(SolutionProperties) = preSolution
		HideSolutionNode = FALSE
	EndGlobalSection
	GlobalSection(ExtensibilityGlobals) = postSolution
		SolutionGuid = {15915008-AB16-412F-9C82-4B003091305A}
	EndGlobalSection
EndGlobal
